// !$*UTF8*$!
{
	archiveVersion = 1;
	classes = {
	};
	objectVersion = 50;
	objects = {

/* Begin PBXBuildFile section */
		5234299F25B3378F00A48661 /* main.cpp in Sources */ = {isa = PBXBuildFile; fileRef = 5234299E25B3378F00A48661 /* main.cpp */; };
		523429B525B3404900A48661 /* Vehicle.cpp in Sources */ = {isa = PBXBuildFile; fileRef = 523429B325B3404900A48661 /* Vehicle.cpp */; };
		523429B925B3533000A48661 /* ParkingPlace.cpp in Sources */ = {isa = PBXBuildFile; fileRef = 523429B725B3533000A48661 /* ParkingPlace.cpp */; };
		523429C225B4571E00A48661 /* Parking.cpp in Sources */ = {isa = PBXBuildFile; fileRef = 523429C025B4571E00A48661 /* Parking.cpp */; };
		523429D925B57E7700A48661 /* PaymentService.cpp in Sources */ = {isa = PBXBuildFile; fileRef = 523429D725B57E7700A48661 /* PaymentService.cpp */; };
		523429DD25B5836A00A48661 /* TimeManager.cpp in Sources */ = {isa = PBXBuildFile; fileRef = 523429DB25B5836A00A48661 /* TimeManager.cpp */; };
		523429E325BA583C00A48661 /* Barrier.cpp in Sources */ = {isa = PBXBuildFile; fileRef = 523429E125BA583C00A48661 /* Barrier.cpp */; };
		523429E925BAE32100A48661 /* ParkingPlacesManager.cpp in Sources */ = {isa = PBXBuildFile; fileRef = 523429E725BAE32100A48661 /* ParkingPlacesManager.cpp */; };
		525C287D25C97644007F0FC0 /* BarriersManager.cpp in Sources */ = {isa = PBXBuildFile; fileRef = 525C287B25C97644007F0FC0 /* BarriersManager.cpp */; };
		525C289025CA7A0C007F0FC0 /* VehiclesManager.cpp in Sources */ = {isa = PBXBuildFile; fileRef = 525C288E25CA7A0C007F0FC0 /* VehiclesManager.cpp */; };
		525C289925CA832B007F0FC0 /* ParkingFactory.cpp in Sources */ = {isa = PBXBuildFile; fileRef = 525C289725CA832B007F0FC0 /* ParkingFactory.cpp */; };
		5263E23C25C1891F008FFCF0 /* ClientsManager.cpp in Sources */ = {isa = PBXBuildFile; fileRef = 5263E23A25C1891F008FFCF0 /* ClientsManager.cpp */; };
		5263E24525C19057008FFCF0 /* EntryKeyGenerator.cpp in Sources */ = {isa = PBXBuildFile; fileRef = 5263E24325C19057008FFCF0 /* EntryKeyGenerator.cpp */; };
		5263E24925C192E6008FFCF0 /* StaffManager.cpp in Sources */ = {isa = PBXBuildFile; fileRef = 5263E24725C192E6008FFCF0 /* StaffManager.cpp */; };
		5263E24D25C1A0AD008FFCF0 /* Ticket.cpp in Sources */ = {isa = PBXBuildFile; fileRef = 5263E24B25C1A0AD008FFCF0 /* Ticket.cpp */; };
		5268FC6C25C0184F00345856 /* PaymentManager.cpp in Sources */ = {isa = PBXBuildFile; fileRef = 5268FC6A25C0184F00345856 /* PaymentManager.cpp */; };
		5268FC7825C03D5D00345856 /* Staff.cpp in Sources */ = {isa = PBXBuildFile; fileRef = 5268FC7625C03D5D00345856 /* Staff.cpp */; };
		5268FC7C25C0412300345856 /* Client.cpp in Sources */ = {isa = PBXBuildFile; fileRef = 5268FC7A25C0412300345856 /* Client.cpp */; };
		5268FC8025C0590B00345856 /* VelichesRegisterService.cpp in Sources */ = {isa = PBXBuildFile; fileRef = 5268FC7E25C0590B00345856 /* VelichesRegisterService.cpp */; };
/* End PBXBuildFile section */

/* Begin PBXCopyFilesBuildPhase section */
		5234299925B3378F00A48661 /* CopyFiles */ = {
			isa = PBXCopyFilesBuildPhase;
			buildActionMask = 2147483647;
			dstPath = /usr/share/man/man1/;
			dstSubfolderSpec = 0;
			files = (
			);
			runOnlyForDeploymentPostprocessing = 1;
		};
/* End PBXCopyFilesBuildPhase section */

/* Begin PBXFileReference section */
		52174B7125D3470900D3DC64 /* ITimeManager.h */ = {isa = PBXFileReference; lastKnownFileType = sourcecode.c.h; name = ITimeManager.h; path = ParkingApp/ParkingEngine/ITimeManager.h; sourceTree = "<group>"; };
		5234299B25B3378F00A48661 /* ParkingApp */ = {isa = PBXFileReference; explicitFileType = "compiled.mach-o.executable"; includeInIndex = 0; path = ParkingApp; sourceTree = BUILT_PRODUCTS_DIR; };
		5234299E25B3378F00A48661 /* main.cpp */ = {isa = PBXFileReference; lastKnownFileType = sourcecode.cpp.cpp; path = main.cpp; sourceTree = "<group>"; };
		523429B225B33FD500A48661 /* ParkingEngine */ = {isa = PBXFileReference; lastKnownFileType = folder; path = ParkingEngine; sourceTree = "<group>"; };
		523429B325B3404900A48661 /* Vehicle.cpp */ = {isa = PBXFileReference; lastKnownFileType = sourcecode.cpp.cpp; name = Vehicle.cpp; path = ParkingApp/ParkingEngine/Vehicle.cpp; sourceTree = "<group>"; };
		523429B425B3404900A48661 /* Vehicle.hpp */ = {isa = PBXFileReference; lastKnownFileType = sourcecode.cpp.h; name = Vehicle.hpp; path = ParkingApp/ParkingEngine/Vehicle.hpp; sourceTree = "<group>"; };
		523429B725B3533000A48661 /* ParkingPlace.cpp */ = {isa = PBXFileReference; lastKnownFileType = sourcecode.cpp.cpp; name = ParkingPlace.cpp; path = ParkingApp/ParkingEngine/ParkingPlace.cpp; sourceTree = "<group>"; };
		523429B825B3533000A48661 /* ParkingPlace.hpp */ = {isa = PBXFileReference; lastKnownFileType = sourcecode.cpp.h; name = ParkingPlace.hpp; path = ParkingApp/ParkingEngine/ParkingPlace.hpp; sourceTree = "<group>"; };
		523429C025B4571E00A48661 /* Parking.cpp */ = {isa = PBXFileReference; lastKnownFileType = sourcecode.cpp.cpp; name = Parking.cpp; path = ParkingApp/ParkingEngine/Parking.cpp; sourceTree = "<group>"; };
		523429C125B4571E00A48661 /* Parking.hpp */ = {isa = PBXFileReference; lastKnownFileType = sourcecode.cpp.h; name = Parking.hpp; path = ParkingApp/ParkingEngine/Parking.hpp; sourceTree = "<group>"; };
		523429CC25B4A22200A48661 /* Externals */ = {isa = PBXFileReference; lastKnownFileType = folder; path = Externals; sourceTree = "<group>"; };
		523429D725B57E7700A48661 /* PaymentService.cpp */ = {isa = PBXFileReference; lastKnownFileType = sourcecode.cpp.cpp; name = PaymentService.cpp; path = ParkingApp/Externals/PaymentService.cpp; sourceTree = "<group>"; };
		523429D825B57E7700A48661 /* PaymentService.hpp */ = {isa = PBXFileReference; lastKnownFileType = sourcecode.cpp.h; name = PaymentService.hpp; path = ParkingApp/Externals/PaymentService.hpp; sourceTree = "<group>"; };
		523429DB25B5836A00A48661 /* TimeManager.cpp */ = {isa = PBXFileReference; lastKnownFileType = sourcecode.cpp.cpp; name = TimeManager.cpp; path = ParkingApp/Externals/TimeManager.cpp; sourceTree = "<group>"; };
		523429DC25B5836A00A48661 /* TimeManager.hpp */ = {isa = PBXFileReference; lastKnownFileType = sourcecode.cpp.h; name = TimeManager.hpp; path = ParkingApp/Externals/TimeManager.hpp; sourceTree = "<group>"; };
		523429E125BA583C00A48661 /* Barrier.cpp */ = {isa = PBXFileReference; lastKnownFileType = sourcecode.cpp.cpp; name = Barrier.cpp; path = ParkingApp/ParkingEngine/Barrier.cpp; sourceTree = "<group>"; };
		523429E225BA583C00A48661 /* Barrier.hpp */ = {isa = PBXFileReference; lastKnownFileType = sourcecode.cpp.h; name = Barrier.hpp; path = ParkingApp/ParkingEngine/Barrier.hpp; sourceTree = "<group>"; };
		523429E525BA590C00A48661 /* IBarrierObserver.hpp */ = {isa = PBXFileReference; lastKnownFileType = sourcecode.cpp.h; name = IBarrierObserver.hpp; path = ParkingApp/ParkingEngine/IBarrierObserver.hpp; sourceTree = "<group>"; };
		523429E725BAE32100A48661 /* ParkingPlacesManager.cpp */ = {isa = PBXFileReference; lastKnownFileType = sourcecode.cpp.cpp; name = ParkingPlacesManager.cpp; path = ParkingApp/ParkingEngine/ParkingPlacesManager.cpp; sourceTree = "<group>"; };
		523429E825BAE32100A48661 /* ParkingPlacesManager.hpp */ = {isa = PBXFileReference; lastKnownFileType = sourcecode.cpp.h; name = ParkingPlacesManager.hpp; path = ParkingApp/ParkingEngine/ParkingPlacesManager.hpp; sourceTree = "<group>"; };
		525C287325C8D78D007F0FC0 /* IPaymentManager.hpp */ = {isa = PBXFileReference; lastKnownFileType = sourcecode.cpp.h; name = IPaymentManager.hpp; path = ParkingApp/ParkingEngine/IPaymentManager.hpp; sourceTree = "<group>"; };
		525C287525C8E0F6007F0FC0 /* IParkingPlacesManager.hpp */ = {isa = PBXFileReference; lastKnownFileType = sourcecode.cpp.h; name = IParkingPlacesManager.hpp; path = ParkingApp/ParkingEngine/IParkingPlacesManager.hpp; sourceTree = "<group>"; };
		525C287725C97006007F0FC0 /* IClientsManager.hpp */ = {isa = PBXFileReference; lastKnownFileType = sourcecode.cpp.h; name = IClientsManager.hpp; path = ParkingApp/ParkingEngine/IClientsManager.hpp; sourceTree = "<group>"; };
		525C287925C9731F007F0FC0 /* IStaffManager.hpp */ = {isa = PBXFileReference; lastKnownFileType = sourcecode.cpp.h; name = IStaffManager.hpp; path = ParkingApp/ParkingEngine/IStaffManager.hpp; sourceTree = "<group>"; };
		525C287B25C97644007F0FC0 /* BarriersManager.cpp */ = {isa = PBXFileReference; lastKnownFileType = sourcecode.cpp.cpp; name = BarriersManager.cpp; path = ParkingApp/ParkingEngine/BarriersManager.cpp; sourceTree = "<group>"; };
		525C287C25C97644007F0FC0 /* BarriersManager.hpp */ = {isa = PBXFileReference; lastKnownFileType = sourcecode.cpp.h; name = BarriersManager.hpp; path = ParkingApp/ParkingEngine/BarriersManager.hpp; sourceTree = "<group>"; };
		525C287F25C97847007F0FC0 /* IBarriersManager.hpp */ = {isa = PBXFileReference; lastKnownFileType = sourcecode.cpp.h; name = IBarriersManager.hpp; path = ParkingApp/ParkingEngine/IBarriersManager.hpp; sourceTree = "<group>"; };
		525C288C25CA7374007F0FC0 /* IPaymentObserver.h */ = {isa = PBXFileReference; lastKnownFileType = sourcecode.c.h; name = IPaymentObserver.h; path = ParkingApp/ParkingEngine/IPaymentObserver.h; sourceTree = "<group>"; };
		525C288E25CA7A0C007F0FC0 /* VehiclesManager.cpp */ = {isa = PBXFileReference; lastKnownFileType = sourcecode.cpp.cpp; name = VehiclesManager.cpp; path = ParkingApp/ParkingEngine/VehiclesManager.cpp; sourceTree = "<group>"; };
		525C288F25CA7A0C007F0FC0 /* VehiclesManager.hpp */ = {isa = PBXFileReference; lastKnownFileType = sourcecode.cpp.h; name = VehiclesManager.hpp; path = ParkingApp/ParkingEngine/VehiclesManager.hpp; sourceTree = "<group>"; };
		525C289725CA832B007F0FC0 /* ParkingFactory.cpp */ = {isa = PBXFileReference; lastKnownFileType = sourcecode.cpp.cpp; name = ParkingFactory.cpp; path = ParkingApp/ParkingEngine/ParkingFactory.cpp; sourceTree = "<group>"; };
		525C289825CA832B007F0FC0 /* ParkingFactory.hpp */ = {isa = PBXFileReference; lastKnownFileType = sourcecode.cpp.h; name = ParkingFactory.hpp; path = ParkingApp/ParkingEngine/ParkingFactory.hpp; sourceTree = "<group>"; };
		5263E23A25C1891F008FFCF0 /* ClientsManager.cpp */ = {isa = PBXFileReference; lastKnownFileType = sourcecode.cpp.cpp; name = ClientsManager.cpp; path = ParkingApp/ParkingEngine/ClientsManager.cpp; sourceTree = "<group>"; };
		5263E23B25C1891F008FFCF0 /* ClientsManager.hpp */ = {isa = PBXFileReference; lastKnownFileType = sourcecode.cpp.h; name = ClientsManager.hpp; path = ParkingApp/ParkingEngine/ClientsManager.hpp; sourceTree = "<group>"; };
		5263E24325C19057008FFCF0 /* EntryKeyGenerator.cpp */ = {isa = PBXFileReference; lastKnownFileType = sourcecode.cpp.cpp; name = EntryKeyGenerator.cpp; path = ParkingApp/ParkingEngine/EntryKeyGenerator.cpp; sourceTree = "<group>"; };
		5263E24425C19057008FFCF0 /* EntryKeyGenerator.hpp */ = {isa = PBXFileReference; lastKnownFileType = sourcecode.cpp.h; name = EntryKeyGenerator.hpp; path = ParkingApp/ParkingEngine/EntryKeyGenerator.hpp; sourceTree = "<group>"; };
		5263E24725C192E6008FFCF0 /* StaffManager.cpp */ = {isa = PBXFileReference; lastKnownFileType = sourcecode.cpp.cpp; name = StaffManager.cpp; path = ParkingApp/ParkingEngine/StaffManager.cpp; sourceTree = "<group>"; };
		5263E24825C192E6008FFCF0 /* StaffManager.hpp */ = {isa = PBXFileReference; lastKnownFileType = sourcecode.cpp.h; name = StaffManager.hpp; path = ParkingApp/ParkingEngine/StaffManager.hpp; sourceTree = "<group>"; };
		5263E24B25C1A0AD008FFCF0 /* Ticket.cpp */ = {isa = PBXFileReference; lastKnownFileType = sourcecode.cpp.cpp; name = Ticket.cpp; path = ParkingApp/ParkingEngine/Ticket.cpp; sourceTree = "<group>"; };
		5263E24C25C1A0AD008FFCF0 /* Ticket.hpp */ = {isa = PBXFileReference; lastKnownFileType = sourcecode.cpp.h; name = Ticket.hpp; path = ParkingApp/ParkingEngine/Ticket.hpp; sourceTree = "<group>"; };
		5268FC6A25C0184F00345856 /* PaymentManager.cpp */ = {isa = PBXFileReference; lastKnownFileType = sourcecode.cpp.cpp; name = PaymentManager.cpp; path = ParkingApp/ParkingEngine/PaymentManager.cpp; sourceTree = "<group>"; };
		5268FC6B25C0184F00345856 /* PaymentManager.hpp */ = {isa = PBXFileReference; lastKnownFileType = sourcecode.cpp.h; name = PaymentManager.hpp; path = ParkingApp/ParkingEngine/PaymentManager.hpp; sourceTree = "<group>"; };
		5268FC7625C03D5D00345856 /* Staff.cpp */ = {isa = PBXFileReference; lastKnownFileType = sourcecode.cpp.cpp; name = Staff.cpp; path = ParkingApp/ParkingEngine/Staff.cpp; sourceTree = "<group>"; };
		5268FC7725C03D5D00345856 /* Staff.hpp */ = {isa = PBXFileReference; lastKnownFileType = sourcecode.cpp.h; name = Staff.hpp; path = ParkingApp/ParkingEngine/Staff.hpp; sourceTree = "<group>"; };
		5268FC7A25C0412300345856 /* Client.cpp */ = {isa = PBXFileReference; lastKnownFileType = sourcecode.cpp.cpp; name = Client.cpp; path = ParkingApp/ParkingEngine/Client.cpp; sourceTree = "<group>"; };
		5268FC7B25C0412300345856 /* Client.hpp */ = {isa = PBXFileReference; lastKnownFileType = sourcecode.cpp.h; name = Client.hpp; path = ParkingApp/ParkingEngine/Client.hpp; sourceTree = "<group>"; };
		5268FC7E25C0590B00345856 /* VelichesRegisterService.cpp */ = {isa = PBXFileReference; lastKnownFileType = sourcecode.cpp.cpp; name = VelichesRegisterService.cpp; path = ParkingApp/Externals/VelichesRegisterService.cpp; sourceTree = "<group>"; };
		5268FC7F25C0590B00345856 /* VelichesRegisterService.hpp */ = {isa = PBXFileReference; lastKnownFileType = sourcecode.cpp.h; name = VelichesRegisterService.hpp; path = ParkingApp/Externals/VelichesRegisterService.hpp; sourceTree = "<group>"; };
/* End PBXFileReference section */

/* Begin PBXFrameworksBuildPhase section */
		5234299825B3378F00A48661 /* Frameworks */ = {
			isa = PBXFrameworksBuildPhase;
			buildActionMask = 2147483647;
			files = (
			);
			runOnlyForDeploymentPostprocessing = 0;
		};
/* End PBXFrameworksBuildPhase section */

/* Begin PBXGroup section */
		5234299225B3378F00A48661 = {
			isa = PBXGroup;
			children = (
				52174B7125D3470900D3DC64 /* ITimeManager.h */,
				525C289725CA832B007F0FC0 /* ParkingFactory.cpp */,
				525C289825CA832B007F0FC0 /* ParkingFactory.hpp */,
				525C288E25CA7A0C007F0FC0 /* VehiclesManager.cpp */,
				525C288F25CA7A0C007F0FC0 /* VehiclesManager.hpp */,
				525C288C25CA7374007F0FC0 /* IPaymentObserver.h */,
				525C287F25C97847007F0FC0 /* IBarriersManager.hpp */,
				525C287B25C97644007F0FC0 /* BarriersManager.cpp */,
				525C287C25C97644007F0FC0 /* BarriersManager.hpp */,
				525C287925C9731F007F0FC0 /* IStaffManager.hpp */,
				525C287725C97006007F0FC0 /* IClientsManager.hpp */,
				525C287525C8E0F6007F0FC0 /* IParkingPlacesManager.hpp */,
				525C287325C8D78D007F0FC0 /* IPaymentManager.hpp */,
				5263E24725C192E6008FFCF0 /* StaffManager.cpp */,
				5263E24825C192E6008FFCF0 /* StaffManager.hpp */,
				5263E24325C19057008FFCF0 /* EntryKeyGenerator.cpp */,
				5263E24425C19057008FFCF0 /* EntryKeyGenerator.hpp */,
				5263E23A25C1891F008FFCF0 /* ClientsManager.cpp */,
				5263E23B25C1891F008FFCF0 /* ClientsManager.hpp */,
				5268FC7E25C0590B00345856 /* VelichesRegisterService.cpp */,
				5268FC7F25C0590B00345856 /* VelichesRegisterService.hpp */,
				5268FC7A25C0412300345856 /* Client.cpp */,
				5268FC7B25C0412300345856 /* Client.hpp */,
				5268FC7625C03D5D00345856 /* Staff.cpp */,
				5268FC7725C03D5D00345856 /* Staff.hpp */,
				5263E24B25C1A0AD008FFCF0 /* Ticket.cpp */,
				5263E24C25C1A0AD008FFCF0 /* Ticket.hpp */,
				5268FC6A25C0184F00345856 /* PaymentManager.cpp */,
				5268FC6B25C0184F00345856 /* PaymentManager.hpp */,
				523429E725BAE32100A48661 /* ParkingPlacesManager.cpp */,
				523429E825BAE32100A48661 /* ParkingPlacesManager.hpp */,
				523429E525BA590C00A48661 /* IBarrierObserver.hpp */,
				523429E125BA583C00A48661 /* Barrier.cpp */,
				523429E225BA583C00A48661 /* Barrier.hpp */,
				523429B725B3533000A48661 /* ParkingPlace.cpp */,
				523429DB25B5836A00A48661 /* TimeManager.cpp */,
				523429DC25B5836A00A48661 /* TimeManager.hpp */,
				523429D725B57E7700A48661 /* PaymentService.cpp */,
				523429D825B57E7700A48661 /* PaymentService.hpp */,
				523429C025B4571E00A48661 /* Parking.cpp */,
				523429C125B4571E00A48661 /* Parking.hpp */,
				523429B825B3533000A48661 /* ParkingPlace.hpp */,
				523429B325B3404900A48661 /* Vehicle.cpp */,
				523429B425B3404900A48661 /* Vehicle.hpp */,
				5234299D25B3378F00A48661 /* ParkingApp */,
				5234299C25B3378F00A48661 /* Products */,
			);
			sourceTree = "<group>";
		};
		5234299C25B3378F00A48661 /* Products */ = {
			isa = PBXGroup;
			children = (
				5234299B25B3378F00A48661 /* ParkingApp */,
			);
			name = Products;
			sourceTree = "<group>";
		};
		5234299D25B3378F00A48661 /* ParkingApp */ = {
			isa = PBXGroup;
			children = (
				523429CC25B4A22200A48661 /* Externals */,
				523429B225B33FD500A48661 /* ParkingEngine */,
				5234299E25B3378F00A48661 /* main.cpp */,
			);
			path = ParkingApp;
			sourceTree = "<group>";
		};
/* End PBXGroup section */

/* Begin PBXNativeTarget section */
		5234299A25B3378F00A48661 /* ParkingApp */ = {
			isa = PBXNativeTarget;
			buildConfigurationList = 523429A225B3378F00A48661 /* Build configuration list for PBXNativeTarget "ParkingApp" */;
			buildPhases = (
				5234299725B3378F00A48661 /* Sources */,
				5234299825B3378F00A48661 /* Frameworks */,
				5234299925B3378F00A48661 /* CopyFiles */,
			);
			buildRules = (
			);
			dependencies = (
			);
			name = ParkingApp;
			productName = ParkingApp;
			productReference = 5234299B25B3378F00A48661 /* ParkingApp */;
			productType = "com.apple.product-type.tool";
		};
/* End PBXNativeTarget section */

/* Begin PBXProject section */
		5234299325B3378F00A48661 /* Project object */ = {
			isa = PBXProject;
			attributes = {
				LastUpgradeCheck = 1200;
				TargetAttributes = {
					5234299A25B3378F00A48661 = {
						CreatedOnToolsVersion = 12.0;
					};
				};
			};
			buildConfigurationList = 5234299625B3378F00A48661 /* Build configuration list for PBXProject "ParkingApp" */;
			compatibilityVersion = "Xcode 9.3";
			developmentRegion = en;
			hasScannedForEncodings = 0;
			knownRegions = (
				en,
				Base,
			);
			mainGroup = 5234299225B3378F00A48661;
			productRefGroup = 5234299C25B3378F00A48661 /* Products */;
			projectDirPath = "";
			projectRoot = "";
			targets = (
				5234299A25B3378F00A48661 /* ParkingApp */,
			);
		};
/* End PBXProject section */

/* Begin PBXSourcesBuildPhase section */
		5234299725B3378F00A48661 /* Sources */ = {
			isa = PBXSourcesBuildPhase;
			buildActionMask = 2147483647;
			files = (
				5263E24925C192E6008FFCF0 /* StaffManager.cpp in Sources */,
				5263E23C25C1891F008FFCF0 /* ClientsManager.cpp in Sources */,
				523429B925B3533000A48661 /* ParkingPlace.cpp in Sources */,
				523429B525B3404900A48661 /* Vehicle.cpp in Sources */,
				5268FC7C25C0412300345856 /* Client.cpp in Sources */,
				523429C225B4571E00A48661 /* Parking.cpp in Sources */,
				523429E325BA583C00A48661 /* Barrier.cpp in Sources */,
				525C287D25C97644007F0FC0 /* BarriersManager.cpp in Sources */,
				523429E925BAE32100A48661 /* ParkingPlacesManager.cpp in Sources */,
				5263E24D25C1A0AD008FFCF0 /* Ticket.cpp in Sources */,
				5234299F25B3378F00A48661 /* main.cpp in Sources */,
				523429D925B57E7700A48661 /* PaymentService.cpp in Sources */,
				523429DD25B5836A00A48661 /* TimeManager.cpp in Sources */,
				5268FC7825C03D5D00345856 /* Staff.cpp in Sources */,
				5268FC6C25C0184F00345856 /* PaymentManager.cpp in Sources */,
				5263E24525C19057008FFCF0 /* EntryKeyGenerator.cpp in Sources */,
				525C289025CA7A0C007F0FC0 /* VehiclesManager.cpp in Sources */,
				5268FC8025C0590B00345856 /* VelichesRegisterService.cpp in Sources */,
				525C289925CA832B007F0FC0 /* ParkingFactory.cpp in Sources */,
			);
			runOnlyForDeploymentPostprocessing = 0;
		};
/* End PBXSourcesBuildPhase section */

/* Begin XCBuildConfiguration section */
		523429A025B3378F00A48661 /* Debug */ = {
			isa = XCBuildConfiguration;
			buildSettings = {
				ALWAYS_SEARCH_USER_PATHS = NO;
				CLANG_ANALYZER_NONNULL = YES;
				CLANG_ANALYZER_NUMBER_OBJECT_CONVERSION = YES_AGGRESSIVE;
				CLANG_CXX_LANGUAGE_STANDARD = "gnu++14";
				CLANG_CXX_LIBRARY = "libc++";
				CLANG_ENABLE_MODULES = YES;
				CLANG_ENABLE_OBJC_ARC = YES;
				CLANG_ENABLE_OBJC_WEAK = YES;
				CLANG_WARN_BLOCK_CAPTURE_AUTORELEASING = YES;
				CLANG_WARN_BOOL_CONVERSION = YES;
				CLANG_WARN_COMMA = YES;
				CLANG_WARN_CONSTANT_CONVERSION = YES;
				CLANG_WARN_DEPRECATED_OBJC_IMPLEMENTATIONS = YES;
				CLANG_WARN_DIRECT_OBJC_ISA_USAGE = YES_ERROR;
				CLANG_WARN_DOCUMENTATION_COMMENTS = YES;
				CLANG_WARN_EMPTY_BODY = YES;
				CLANG_WARN_ENUM_CONVERSION = YES;
				CLANG_WARN_INFINITE_RECURSION = YES;
				CLANG_WARN_INT_CONVERSION = YES;
				CLANG_WARN_NON_LITERAL_NULL_CONVERSION = YES;
				CLANG_WARN_OBJC_IMPLICIT_RETAIN_SELF = YES;
				CLANG_WARN_OBJC_LITERAL_CONVERSION = YES;
				CLANG_WARN_OBJC_ROOT_CLASS = YES_ERROR;
				CLANG_WARN_QUOTED_INCLUDE_IN_FRAMEWORK_HEADER = YES;
				CLANG_WARN_RANGE_LOOP_ANALYSIS = YES;
				CLANG_WARN_STRICT_PROTOTYPES = YES;
				CLANG_WARN_SUSPICIOUS_MOVE = YES;
				CLANG_WARN_UNGUARDED_AVAILABILITY = YES_AGGRESSIVE;
				CLANG_WARN_UNREACHABLE_CODE = YES;
				CLANG_WARN__DUPLICATE_METHOD_MATCH = YES;
				COPY_PHASE_STRIP = NO;
				DEBUG_INFORMATION_FORMAT = dwarf;
				ENABLE_STRICT_OBJC_MSGSEND = YES;
				ENABLE_TESTABILITY = YES;
				GCC_C_LANGUAGE_STANDARD = gnu11;
				GCC_DYNAMIC_NO_PIC = NO;
				GCC_NO_COMMON_BLOCKS = YES;
				GCC_OPTIMIZATION_LEVEL = 0;
				GCC_PREPROCESSOR_DEFINITIONS = (
					"DEBUG=1",
					"$(inherited)",
				);
				GCC_WARN_64_TO_32_BIT_CONVERSION = YES;
				GCC_WARN_ABOUT_RETURN_TYPE = YES_ERROR;
				GCC_WARN_UNDECLARED_SELECTOR = YES;
				GCC_WARN_UNINITIALIZED_AUTOS = YES_AGGRESSIVE;
				GCC_WARN_UNUSED_FUNCTION = YES;
				GCC_WARN_UNUSED_VARIABLE = YES;
				MACOSX_DEPLOYMENT_TARGET = 10.15;
				MTL_ENABLE_DEBUG_INFO = INCLUDE_SOURCE;
				MTL_FAST_MATH = YES;
				ONLY_ACTIVE_ARCH = YES;
				SDKROOT = macosx;
			};
			name = Debug;
		};
		523429A125B3378F00A48661 /* Release */ = {
			isa = XCBuildConfiguration;
			buildSettings = {
				ALWAYS_SEARCH_USER_PATHS = NO;
				CLANG_ANALYZER_NONNULL = YES;
				CLANG_ANALYZER_NUMBER_OBJECT_CONVERSION = YES_AGGRESSIVE;
				CLANG_CXX_LANGUAGE_STANDARD = "gnu++14";
				CLANG_CXX_LIBRARY = "libc++";
				CLANG_ENABLE_MODULES = YES;
				CLANG_ENABLE_OBJC_ARC = YES;
				CLANG_ENABLE_OBJC_WEAK = YES;
				CLANG_WARN_BLOCK_CAPTURE_AUTORELEASING = YES;
				CLANG_WARN_BOOL_CONVERSION = YES;
				CLANG_WARN_COMMA = YES;
				CLANG_WARN_CONSTANT_CONVERSION = YES;
				CLANG_WARN_DEPRECATED_OBJC_IMPLEMENTATIONS = YES;
				CLANG_WARN_DIRECT_OBJC_ISA_USAGE = YES_ERROR;
				CLANG_WARN_DOCUMENTATION_COMMENTS = YES;
				CLANG_WARN_EMPTY_BODY = YES;
				CLANG_WARN_ENUM_CONVERSION = YES;
				CLANG_WARN_INFINITE_RECURSION = YES;
				CLANG_WARN_INT_CONVERSION = YES;
				CLANG_WARN_NON_LITERAL_NULL_CONVERSION = YES;
				CLANG_WARN_OBJC_IMPLICIT_RETAIN_SELF = YES;
				CLANG_WARN_OBJC_LITERAL_CONVERSION = YES;
				CLANG_WARN_OBJC_ROOT_CLASS = YES_ERROR;
				CLANG_WARN_QUOTED_INCLUDE_IN_FRAMEWORK_HEADER = YES;
				CLANG_WARN_RANGE_LOOP_ANALYSIS = YES;
				CLANG_WARN_STRICT_PROTOTYPES = YES;
				CLANG_WARN_SUSPICIOUS_MOVE = YES;
				CLANG_WARN_UNGUARDED_AVAILABILITY = YES_AGGRESSIVE;
				CLANG_WARN_UNREACHABLE_CODE = YES;
				CLANG_WARN__DUPLICATE_METHOD_MATCH = YES;
				COPY_PHASE_STRIP = NO;
				DEBUG_INFORMATION_FORMAT = "dwarf-with-dsym";
				ENABLE_NS_ASSERTIONS = NO;
				ENABLE_STRICT_OBJC_MSGSEND = YES;
				GCC_C_LANGUAGE_STANDARD = gnu11;
				GCC_NO_COMMON_BLOCKS = YES;
				GCC_WARN_64_TO_32_BIT_CONVERSION = YES;
				GCC_WARN_ABOUT_RETURN_TYPE = YES_ERROR;
				GCC_WARN_UNDECLARED_SELECTOR = YES;
				GCC_WARN_UNINITIALIZED_AUTOS = YES_AGGRESSIVE;
				GCC_WARN_UNUSED_FUNCTION = YES;
				GCC_WARN_UNUSED_VARIABLE = YES;
				MACOSX_DEPLOYMENT_TARGET = 10.15;
				MTL_ENABLE_DEBUG_INFO = NO;
				MTL_FAST_MATH = YES;
				SDKROOT = macosx;
			};
			name = Release;
		};
		523429A325B3378F00A48661 /* Debug */ = {
			isa = XCBuildConfiguration;
			buildSettings = {
				CODE_SIGN_STYLE = Automatic;
				HEADER_SEARCH_PATHS = "/Users/maxim.tytskiy/COExternals/3rdParty/Build/**";
				LIBRARY_SEARCH_PATHS = (
					/usr/local/,
					"/Users/maxim.tytskiy/COExternals/3rdParty/Build/**",
				);
				PRODUCT_NAME = "$(TARGET_NAME)";
			};
			name = Debug;
		};
		523429A425B3378F00A48661 /* Release */ = {
			isa = XCBuildConfiguration;
			buildSettings = {
				CODE_SIGN_STYLE = Automatic;
				HEADER_SEARCH_PATHS = "/Users/maxim.tytskiy/COExternals/3rdParty/Build/**";
				LIBRARY_SEARCH_PATHS = (
					/usr/local/,
					"/Users/maxim.tytskiy/COExternals/3rdParty/Build/**",
				);
				PRODUCT_NAME = "$(TARGET_NAME)";
			};
			name = Release;
		};
/* End XCBuildConfiguration section */

/* Begin XCConfigurationList section */
		5234299625B3378F00A48661 /* Build configuration list for PBXProject "ParkingApp" */ = {
			isa = XCConfigurationList;
			buildConfigurations = (
				523429A025B3378F00A48661 /* Debug */,
				523429A125B3378F00A48661 /* Release */,
			);
			defaultConfigurationIsVisible = 0;
			defaultConfigurationName = Release;
		};
		523429A225B3378F00A48661 /* Build configuration list for PBXNativeTarget "ParkingApp" */ = {
			isa = XCConfigurationList;
			buildConfigurations = (
				523429A325B3378F00A48661 /* Debug */,
				523429A425B3378F00A48661 /* Release */,
			);
			defaultConfigurationIsVisible = 0;
			defaultConfigurationName = Release;
		};
/* End XCConfigurationList section */
	};
	rootObject = 5234299325B3378F00A48661 /* Project object */;
}
