// !$*UTF8*$!
{
	archiveVersion = 1;
	classes = {
	};
	objectVersion = 50;
	objects = {

/* Begin PBXBuildFile section */
		5234299F25B3378F00A48661 /* main.cpp in Sources */ = {isa = PBXBuildFile; fileRef = 5234299E25B3378F00A48661 /* main.cpp */; };
		523429B525B3404900A48661 /* Car.cpp in Sources */ = {isa = PBXBuildFile; fileRef = 523429B325B3404900A48661 /* Car.cpp */; };
		523429B925B3533000A48661 /* ParkingPlace.cpp in Sources */ = {isa = PBXBuildFile; fileRef = 523429B725B3533000A48661 /* ParkingPlace.cpp */; };
		523429BD25B3598E00A48661 /* Ticket.cpp in Sources */ = {isa = PBXBuildFile; fileRef = 523429BB25B3598E00A48661 /* Ticket.cpp */; };
		523429C225B4571E00A48661 /* Parking.cpp in Sources */ = {isa = PBXBuildFile; fileRef = 523429C025B4571E00A48661 /* Parking.cpp */; };
		523429D925B57E7700A48661 /* PaymentService.cpp in Sources */ = {isa = PBXBuildFile; fileRef = 523429D725B57E7700A48661 /* PaymentService.cpp */; };
		523429DD25B5836A00A48661 /* TimeManager.cpp in Sources */ = {isa = PBXBuildFile; fileRef = 523429DB25B5836A00A48661 /* TimeManager.cpp */; };
		523429E325BA583C00A48661 /* Barrier.cpp in Sources */ = {isa = PBXBuildFile; fileRef = 523429E125BA583C00A48661 /* Barrier.cpp */; };
/* End PBXBuildFile section */

/* Begin PBXCopyFilesBuildPhase section */
		5234299925B3378F00A48661 /* CopyFiles */ = {
			isa = PBXCopyFilesBuildPhase;
			buildActionMask = 2147483647;
			dstPath = /usr/share/man/man1/;
			dstSubfolderSpec = 0;
			files = (
			);
			runOnlyForDeploymentPostprocessing = 1;
		};
/* End PBXCopyFilesBuildPhase section */

/* Begin PBXFileReference section */
		5234299B25B3378F00A48661 /* ParkingApp */ = {isa = PBXFileReference; explicitFileType = "compiled.mach-o.executable"; includeInIndex = 0; path = ParkingApp; sourceTree = BUILT_PRODUCTS_DIR; };
		5234299E25B3378F00A48661 /* main.cpp */ = {isa = PBXFileReference; lastKnownFileType = sourcecode.cpp.cpp; path = main.cpp; sourceTree = "<group>"; };
		523429B225B33FD500A48661 /* ParkingEngine */ = {isa = PBXFileReference; lastKnownFileType = folder; path = ParkingEngine; sourceTree = "<group>"; };
		523429B325B3404900A48661 /* Car.cpp */ = {isa = PBXFileReference; lastKnownFileType = sourcecode.cpp.cpp; name = Car.cpp; path = ParkingApp/ParkingEngine/Car.cpp; sourceTree = "<group>"; };
		523429B425B3404900A48661 /* Car.hpp */ = {isa = PBXFileReference; lastKnownFileType = sourcecode.cpp.h; name = Car.hpp; path = ParkingApp/ParkingEngine/Car.hpp; sourceTree = "<group>"; };
		523429B725B3533000A48661 /* ParkingPlace.cpp */ = {isa = PBXFileReference; lastKnownFileType = sourcecode.cpp.cpp; name = ParkingPlace.cpp; path = ParkingApp/ParkingEngine/ParkingPlace.cpp; sourceTree = "<group>"; };
		523429B825B3533000A48661 /* ParkingPlace.hpp */ = {isa = PBXFileReference; lastKnownFileType = sourcecode.cpp.h; name = ParkingPlace.hpp; path = ParkingApp/ParkingEngine/ParkingPlace.hpp; sourceTree = "<group>"; };
		523429BB25B3598E00A48661 /* Ticket.cpp */ = {isa = PBXFileReference; lastKnownFileType = sourcecode.cpp.cpp; name = Ticket.cpp; path = ParkingApp/ParkingEngine/Ticket.cpp; sourceTree = "<group>"; };
		523429BC25B3598E00A48661 /* Ticket.hpp */ = {isa = PBXFileReference; lastKnownFileType = sourcecode.cpp.h; name = Ticket.hpp; path = ParkingApp/ParkingEngine/Ticket.hpp; sourceTree = "<group>"; };
		523429C025B4571E00A48661 /* Parking.cpp */ = {isa = PBXFileReference; lastKnownFileType = sourcecode.cpp.cpp; name = Parking.cpp; path = ParkingApp/ParkingEngine/Parking.cpp; sourceTree = "<group>"; };
		523429C125B4571E00A48661 /* Parking.hpp */ = {isa = PBXFileReference; lastKnownFileType = sourcecode.cpp.h; name = Parking.hpp; path = ParkingApp/ParkingEngine/Parking.hpp; sourceTree = "<group>"; };
		523429CC25B4A22200A48661 /* Externals */ = {isa = PBXFileReference; lastKnownFileType = folder; path = Externals; sourceTree = "<group>"; };
		523429D725B57E7700A48661 /* PaymentService.cpp */ = {isa = PBXFileReference; lastKnownFileType = sourcecode.cpp.cpp; name = PaymentService.cpp; path = ParkingApp/Externals/PaymentService.cpp; sourceTree = "<group>"; };
		523429D825B57E7700A48661 /* PaymentService.hpp */ = {isa = PBXFileReference; lastKnownFileType = sourcecode.cpp.h; name = PaymentService.hpp; path = ParkingApp/Externals/PaymentService.hpp; sourceTree = "<group>"; };
		523429DB25B5836A00A48661 /* TimeManager.cpp */ = {isa = PBXFileReference; lastKnownFileType = sourcecode.cpp.cpp; name = TimeManager.cpp; path = ParkingApp/Externals/TimeManager.cpp; sourceTree = "<group>"; };
		523429DC25B5836A00A48661 /* TimeManager.hpp */ = {isa = PBXFileReference; lastKnownFileType = sourcecode.cpp.h; name = TimeManager.hpp; path = ParkingApp/Externals/TimeManager.hpp; sourceTree = "<group>"; };
		523429E125BA583C00A48661 /* Barrier.cpp */ = {isa = PBXFileReference; lastKnownFileType = sourcecode.cpp.cpp; name = Barrier.cpp; path = ParkingApp/ParkingEngine/Barrier.cpp; sourceTree = "<group>"; };
		523429E225BA583C00A48661 /* Barrier.hpp */ = {isa = PBXFileReference; lastKnownFileType = sourcecode.cpp.h; name = Barrier.hpp; path = ParkingApp/ParkingEngine/Barrier.hpp; sourceTree = "<group>"; };
		523429E525BA590C00A48661 /* IBarrierObserver.hpp */ = {isa = PBXFileReference; lastKnownFileType = sourcecode.cpp.h; name = IBarrierObserver.hpp; path = ParkingApp/ParkingEngine/IBarrierObserver.hpp; sourceTree = "<group>"; };
/* End PBXFileReference section */

/* Begin PBXFrameworksBuildPhase section */
		5234299825B3378F00A48661 /* Frameworks */ = {
			isa = PBXFrameworksBuildPhase;
			buildActionMask = 2147483647;
			files = (
			);
			runOnlyForDeploymentPostprocessing = 0;
		};
/* End PBXFrameworksBuildPhase section */

/* Begin PBXGroup section */
		5234299225B3378F00A48661 = {
			isa = PBXGroup;
			children = (
				523429E525BA590C00A48661 /* IBarrierObserver.hpp */,
				523429E125BA583C00A48661 /* Barrier.cpp */,
				523429E225BA583C00A48661 /* Barrier.hpp */,
				523429DB25B5836A00A48661 /* TimeManager.cpp */,
				523429DC25B5836A00A48661 /* TimeManager.hpp */,
				523429D725B57E7700A48661 /* PaymentService.cpp */,
				523429D825B57E7700A48661 /* PaymentService.hpp */,
				523429B725B3533000A48661 /* ParkingPlace.cpp */,
				523429C025B4571E00A48661 /* Parking.cpp */,
				523429C125B4571E00A48661 /* Parking.hpp */,
				523429B825B3533000A48661 /* ParkingPlace.hpp */,
				523429BB25B3598E00A48661 /* Ticket.cpp */,
				523429BC25B3598E00A48661 /* Ticket.hpp */,
				523429B325B3404900A48661 /* Car.cpp */,
				523429B425B3404900A48661 /* Car.hpp */,
				5234299D25B3378F00A48661 /* ParkingApp */,
				5234299C25B3378F00A48661 /* Products */,
			);
			sourceTree = "<group>";
		};
		5234299C25B3378F00A48661 /* Products */ = {
			isa = PBXGroup;
			children = (
				5234299B25B3378F00A48661 /* ParkingApp */,
			);
			name = Products;
			sourceTree = "<group>";
		};
		5234299D25B3378F00A48661 /* ParkingApp */ = {
			isa = PBXGroup;
			children = (
				523429CC25B4A22200A48661 /* Externals */,
				523429B225B33FD500A48661 /* ParkingEngine */,
				5234299E25B3378F00A48661 /* main.cpp */,
			);
			path = ParkingApp;
			sourceTree = "<group>";
		};
/* End PBXGroup section */

/* Begin PBXNativeTarget section */
		5234299A25B3378F00A48661 /* ParkingApp */ = {
			isa = PBXNativeTarget;
			buildConfigurationList = 523429A225B3378F00A48661 /* Build configuration list for PBXNativeTarget "ParkingApp" */;
			buildPhases = (
				5234299725B3378F00A48661 /* Sources */,
				5234299825B3378F00A48661 /* Frameworks */,
				5234299925B3378F00A48661 /* CopyFiles */,
			);
			buildRules = (
			);
			dependencies = (
			);
			name = ParkingApp;
			productName = ParkingApp;
			productReference = 5234299B25B3378F00A48661 /* ParkingApp */;
			productType = "com.apple.product-type.tool";
		};
/* End PBXNativeTarget section */

/* Begin PBXProject section */
		5234299325B3378F00A48661 /* Project object */ = {
			isa = PBXProject;
			attributes = {
				LastUpgradeCheck = 1200;
				TargetAttributes = {
					5234299A25B3378F00A48661 = {
						CreatedOnToolsVersion = 12.0;
					};
				};
			};
			buildConfigurationList = 5234299625B3378F00A48661 /* Build configuration list for PBXProject "ParkingApp" */;
			compatibilityVersion = "Xcode 9.3";
			developmentRegion = en;
			hasScannedForEncodings = 0;
			knownRegions = (
				en,
				Base,
			);
			mainGroup = 5234299225B3378F00A48661;
			productRefGroup = 5234299C25B3378F00A48661 /* Products */;
			projectDirPath = "";
			projectRoot = "";
			targets = (
				5234299A25B3378F00A48661 /* ParkingApp */,
			);
		};
/* End PBXProject section */

/* Begin PBXSourcesBuildPhase section */
		5234299725B3378F00A48661 /* Sources */ = {
			isa = PBXSourcesBuildPhase;
			buildActionMask = 2147483647;
			files = (
				523429B925B3533000A48661 /* ParkingPlace.cpp in Sources */,
				523429B525B3404900A48661 /* Car.cpp in Sources */,
				523429C225B4571E00A48661 /* Parking.cpp in Sources */,
				523429E325BA583C00A48661 /* Barrier.cpp in Sources */,
				5234299F25B3378F00A48661 /* main.cpp in Sources */,
				523429D925B57E7700A48661 /* PaymentService.cpp in Sources */,
				523429DD25B5836A00A48661 /* TimeManager.cpp in Sources */,
				523429BD25B3598E00A48661 /* Ticket.cpp in Sources */,
			);
			runOnlyForDeploymentPostprocessing = 0;
		};
/* End PBXSourcesBuildPhase section */

/* Begin XCBuildConfiguration section */
		523429A025B3378F00A48661 /* Debug */ = {
			isa = XCBuildConfiguration;
			buildSettings = {
				ALWAYS_SEARCH_USER_PATHS = NO;
				CLANG_ANALYZER_NONNULL = YES;
				CLANG_ANALYZER_NUMBER_OBJECT_CONVERSION = YES_AGGRESSIVE;
				CLANG_CXX_LANGUAGE_STANDARD = "gnu++14";
				CLANG_CXX_LIBRARY = "libc++";
				CLANG_ENABLE_MODULES = YES;
				CLANG_ENABLE_OBJC_ARC = YES;
				CLANG_ENABLE_OBJC_WEAK = YES;
				CLANG_WARN_BLOCK_CAPTURE_AUTORELEASING = YES;
				CLANG_WARN_BOOL_CONVERSION = YES;
				CLANG_WARN_COMMA = YES;
				CLANG_WARN_CONSTANT_CONVERSION = YES;
				CLANG_WARN_DEPRECATED_OBJC_IMPLEMENTATIONS = YES;
				CLANG_WARN_DIRECT_OBJC_ISA_USAGE = YES_ERROR;
				CLANG_WARN_DOCUMENTATION_COMMENTS = YES;
				CLANG_WARN_EMPTY_BODY = YES;
				CLANG_WARN_ENUM_CONVERSION = YES;
				CLANG_WARN_INFINITE_RECURSION = YES;
				CLANG_WARN_INT_CONVERSION = YES;
				CLANG_WARN_NON_LITERAL_NULL_CONVERSION = YES;
				CLANG_WARN_OBJC_IMPLICIT_RETAIN_SELF = YES;
				CLANG_WARN_OBJC_LITERAL_CONVERSION = YES;
				CLANG_WARN_OBJC_ROOT_CLASS = YES_ERROR;
				CLANG_WARN_QUOTED_INCLUDE_IN_FRAMEWORK_HEADER = YES;
				CLANG_WARN_RANGE_LOOP_ANALYSIS = YES;
				CLANG_WARN_STRICT_PROTOTYPES = YES;
				CLANG_WARN_SUSPICIOUS_MOVE = YES;
				CLANG_WARN_UNGUARDED_AVAILABILITY = YES_AGGRESSIVE;
				CLANG_WARN_UNREACHABLE_CODE = YES;
				CLANG_WARN__DUPLICATE_METHOD_MATCH = YES;
				COPY_PHASE_STRIP = NO;
				DEBUG_INFORMATION_FORMAT = dwarf;
				ENABLE_STRICT_OBJC_MSGSEND = YES;
				ENABLE_TESTABILITY = YES;
				GCC_C_LANGUAGE_STANDARD = gnu11;
				GCC_DYNAMIC_NO_PIC = NO;
				GCC_NO_COMMON_BLOCKS = YES;
				GCC_OPTIMIZATION_LEVEL = 0;
				GCC_PREPROCESSOR_DEFINITIONS = (
					"DEBUG=1",
					"$(inherited)",
				);
				GCC_WARN_64_TO_32_BIT_CONVERSION = YES;
				GCC_WARN_ABOUT_RETURN_TYPE = YES_ERROR;
				GCC_WARN_UNDECLARED_SELECTOR = YES;
				GCC_WARN_UNINITIALIZED_AUTOS = YES_AGGRESSIVE;
				GCC_WARN_UNUSED_FUNCTION = YES;
				GCC_WARN_UNUSED_VARIABLE = YES;
				MACOSX_DEPLOYMENT_TARGET = 10.15;
				MTL_ENABLE_DEBUG_INFO = INCLUDE_SOURCE;
				MTL_FAST_MATH = YES;
				ONLY_ACTIVE_ARCH = YES;
				SDKROOT = macosx;
			};
			name = Debug;
		};
		523429A125B3378F00A48661 /* Release */ = {
			isa = XCBuildConfiguration;
			buildSettings = {
				ALWAYS_SEARCH_USER_PATHS = NO;
				CLANG_ANALYZER_NONNULL = YES;
				CLANG_ANALYZER_NUMBER_OBJECT_CONVERSION = YES_AGGRESSIVE;
				CLANG_CXX_LANGUAGE_STANDARD = "gnu++14";
				CLANG_CXX_LIBRARY = "libc++";
				CLANG_ENABLE_MODULES = YES;
				CLANG_ENABLE_OBJC_ARC = YES;
				CLANG_ENABLE_OBJC_WEAK = YES;
				CLANG_WARN_BLOCK_CAPTURE_AUTORELEASING = YES;
				CLANG_WARN_BOOL_CONVERSION = YES;
				CLANG_WARN_COMMA = YES;
				CLANG_WARN_CONSTANT_CONVERSION = YES;
				CLANG_WARN_DEPRECATED_OBJC_IMPLEMENTATIONS = YES;
				CLANG_WARN_DIRECT_OBJC_ISA_USAGE = YES_ERROR;
				CLANG_WARN_DOCUMENTATION_COMMENTS = YES;
				CLANG_WARN_EMPTY_BODY = YES;
				CLANG_WARN_ENUM_CONVERSION = YES;
				CLANG_WARN_INFINITE_RECURSION = YES;
				CLANG_WARN_INT_CONVERSION = YES;
				CLANG_WARN_NON_LITERAL_NULL_CONVERSION = YES;
				CLANG_WARN_OBJC_IMPLICIT_RETAIN_SELF = YES;
				CLANG_WARN_OBJC_LITERAL_CONVERSION = YES;
				CLANG_WARN_OBJC_ROOT_CLASS = YES_ERROR;
				CLANG_WARN_QUOTED_INCLUDE_IN_FRAMEWORK_HEADER = YES;
				CLANG_WARN_RANGE_LOOP_ANALYSIS = YES;
				CLANG_WARN_STRICT_PROTOTYPES = YES;
				CLANG_WARN_SUSPICIOUS_MOVE = YES;
				CLANG_WARN_UNGUARDED_AVAILABILITY = YES_AGGRESSIVE;
				CLANG_WARN_UNREACHABLE_CODE = YES;
				CLANG_WARN__DUPLICATE_METHOD_MATCH = YES;
				COPY_PHASE_STRIP = NO;
				DEBUG_INFORMATION_FORMAT = "dwarf-with-dsym";
				ENABLE_NS_ASSERTIONS = NO;
				ENABLE_STRICT_OBJC_MSGSEND = YES;
				GCC_C_LANGUAGE_STANDARD = gnu11;
				GCC_NO_COMMON_BLOCKS = YES;
				GCC_WARN_64_TO_32_BIT_CONVERSION = YES;
				GCC_WARN_ABOUT_RETURN_TYPE = YES_ERROR;
				GCC_WARN_UNDECLARED_SELECTOR = YES;
				GCC_WARN_UNINITIALIZED_AUTOS = YES_AGGRESSIVE;
				GCC_WARN_UNUSED_FUNCTION = YES;
				GCC_WARN_UNUSED_VARIABLE = YES;
				MACOSX_DEPLOYMENT_TARGET = 10.15;
				MTL_ENABLE_DEBUG_INFO = NO;
				MTL_FAST_MATH = YES;
				SDKROOT = macosx;
			};
			name = Release;
		};
		523429A325B3378F00A48661 /* Debug */ = {
			isa = XCBuildConfiguration;
			buildSettings = {
				CODE_SIGN_STYLE = Automatic;
				HEADER_SEARCH_PATHS = "/Users/maxim.tytskiy/COExternals/3rdParty/Build/**";
				LIBRARY_SEARCH_PATHS = (
					/usr/local/,
					"/Users/maxim.tytskiy/COExternals/3rdParty/Build/**",
				);
				PRODUCT_NAME = "$(TARGET_NAME)";
			};
			name = Debug;
		};
		523429A425B3378F00A48661 /* Release */ = {
			isa = XCBuildConfiguration;
			buildSettings = {
				CODE_SIGN_STYLE = Automatic;
				HEADER_SEARCH_PATHS = "/Users/maxim.tytskiy/COExternals/3rdParty/Build/**";
				LIBRARY_SEARCH_PATHS = (
					/usr/local/,
					"/Users/maxim.tytskiy/COExternals/3rdParty/Build/**",
				);
				PRODUCT_NAME = "$(TARGET_NAME)";
			};
			name = Release;
		};
/* End XCBuildConfiguration section */

/* Begin XCConfigurationList section */
		5234299625B3378F00A48661 /* Build configuration list for PBXProject "ParkingApp" */ = {
			isa = XCConfigurationList;
			buildConfigurations = (
				523429A025B3378F00A48661 /* Debug */,
				523429A125B3378F00A48661 /* Release */,
			);
			defaultConfigurationIsVisible = 0;
			defaultConfigurationName = Release;
		};
		523429A225B3378F00A48661 /* Build configuration list for PBXNativeTarget "ParkingApp" */ = {
			isa = XCConfigurationList;
			buildConfigurations = (
				523429A325B3378F00A48661 /* Debug */,
				523429A425B3378F00A48661 /* Release */,
			);
			defaultConfigurationIsVisible = 0;
			defaultConfigurationName = Release;
		};
/* End XCConfigurationList section */
	};
	rootObject = 5234299325B3378F00A48661 /* Project object */;
}
